
Microsoft Visual Studio Solution File, Format Version 12.00
# Visual Studio 15
VisualStudioVersion = 15.0.28010.2003
MinimumVisualStudioVersion = 10.0.40219.1
Project("{FAE04EC0-301F-11D3-BF4B-00C04F79EFBC}") = "PRFancyMVC", "PRFancyMVC\PRFancyMVC.csproj", "{F9D6A2A9-1ED7-4E49-94B4-DD2733DC25B2}"
EndProject
Project("{FAE04EC0-301F-11D3-BF4B-00C04F79EFBC}") = "PRFancy", "PRFancy\PRFancy.csproj", "{2D3976F8-BF7D-46FB-9C28-F8A300181755}"
EndProject
Global
	GlobalSection(SolutionConfigurationPlatforms) = preSolution
		Debug|Any CPU = Debug|Any CPU
		Release|Any CPU = Release|Any CPU
	EndGlobalSection
	GlobalSection(ProjectConfigurationPlatforms) = postSolution
		{F9D6A2A9-1ED7-4E49-94B4-DD2733DC25B2}.Debug|Any CPU.ActiveCfg = Debug|Any CPU
		{F9D6A2A9-1ED7-4E49-94B4-DD2733DC25B2}.Debug|Any CPU.Build.0 = Debug|Any CPU
		{F9D6A2A9-1ED7-4E49-94B4-DD2733DC25B2}.Release|Any CPU.ActiveCfg = Release|Any CPU
		{F9D6A2A9-1ED7-4E49-94B4-DD2733DC25B2}.Release|Any CPU.Build.0 = Release|Any CPU
		{2D3976F8-BF7D-46FB-9C28-F8A300181755}.Debug|Any CPU.ActiveCfg = Debug|Any CPU
		{2D3976F8-BF7D-46FB-9C28-F8A300181755}.Debug|Any CPU.Build.0 = Debug|Any CPU
		{2D3976F8-BF7D-46FB-9C28-F8A300181755}.Release|Any CPU.ActiveCfg = Release|Any CPU
		{2D3976F8-BF7D-46FB-9C28-F8A300181755}.Release|Any CPU.Build.0 = Release|Any CPU
	EndGlobalSection
	GlobalSection(SolutionProperties) = preSolution
		HideSolutionNode = FALSE
	EndGlobalSection
	GlobalSection(ExtensibilityGlobals) = postSolution
		SolutionGuid = {F294B769-D019-498B-B187-1F72337DBB89}
	EndGlobalSection
EndGlobal
